// !$*UTF8*$!
{
	archiveVersion = 1;
	classes = {
	};
	objectVersion = 56;
	objects = {

/* Begin PBXBuildFile section */
		781631992BC3E23E00F9AAC3 /* App462App.swift in Sources */ = {isa = PBXBuildFile; fileRef = 781631982BC3E23E00F9AAC3 /* App462App.swift */; };
		7816319B2BC3E23E00F9AAC3 /* ContentView.swift in Sources */ = {isa = PBXBuildFile; fileRef = 7816319A2BC3E23E00F9AAC3 /* ContentView.swift */; };
		7816319D2BC3E23E00F9AAC3 /* Assets.xcassets in Resources */ = {isa = PBXBuildFile; fileRef = 7816319C2BC3E23E00F9AAC3 /* Assets.xcassets */; };
		781631A12BC3E23E00F9AAC3 /* Preview Assets.xcassets in Resources */ = {isa = PBXBuildFile; fileRef = 781631A02BC3E23E00F9AAC3 /* Preview Assets.xcassets */; };
		781631B12BC3E36E00F9AAC3 /* TabBar.swift in Sources */ = {isa = PBXBuildFile; fileRef = 781631B02BC3E36E00F9AAC3 /* TabBar.swift */; };
		781631B32BC3E3E400F9AAC3 /* Launch Screen.storyboard in Resources */ = {isa = PBXBuildFile; fileRef = 781631B22BC3E3E400F9AAC3 /* Launch Screen.storyboard */; };
		781631B52BC3E3ED00F9AAC3 /* LoadingView.swift in Sources */ = {isa = PBXBuildFile; fileRef = 781631B42BC3E3ED00F9AAC3 /* LoadingView.swift */; };
		781631B72BC3E3F600F9AAC3 /* CoreDataStack.swift in Sources */ = {isa = PBXBuildFile; fileRef = 781631B62BC3E3F600F9AAC3 /* CoreDataStack.swift */; };
		781631B92BC3E3FD00F9AAC3 /* Array.swift in Sources */ = {isa = PBXBuildFile; fileRef = 781631B82BC3E3FD00F9AAC3 /* Array.swift */; };
		781631BE2BC3E42000F9AAC3 /* R1.swift in Sources */ = {isa = PBXBuildFile; fileRef = 781631BD2BC3E42000F9AAC3 /* R1.swift */; };
		781631C02BC3E42600F9AAC3 /* R2.swift in Sources */ = {isa = PBXBuildFile; fileRef = 781631BF2BC3E42600F9AAC3 /* R2.swift */; };
		781631C22BC3E42C00F9AAC3 /* U1.swift in Sources */ = {isa = PBXBuildFile; fileRef = 781631C12BC3E42C00F9AAC3 /* U1.swift */; };
		781631C42BC3E43200F9AAC3 /* Rev.swift in Sources */ = {isa = PBXBuildFile; fileRef = 781631C32BC3E43200F9AAC3 /* Rev.swift */; };
		781631C62BC3E43700F9AAC3 /* Not.swift in Sources */ = {isa = PBXBuildFile; fileRef = 781631C52BC3E43700F9AAC3 /* Not.swift */; };
		781631CB2BC3EF5100F9AAC3 /* HomeView.swift in Sources */ = {isa = PBXBuildFile; fileRef = 781631CA2BC3EF5100F9AAC3 /* HomeView.swift */; };
		781631CD2BC3EF5A00F9AAC3 /* CalculatorView.swift in Sources */ = {isa = PBXBuildFile; fileRef = 781631CC2BC3EF5A00F9AAC3 /* CalculatorView.swift */; };
		781631CF2BC3EF6100F9AAC3 /* SettingsView.swift in Sources */ = {isa = PBXBuildFile; fileRef = 781631CE2BC3EF6100F9AAC3 /* SettingsView.swift */; };
		781631D12BC3FCF200F9AAC3 /* HomeViewModel.swift in Sources */ = {isa = PBXBuildFile; fileRef = 781631D02BC3FCF200F9AAC3 /* HomeViewModel.swift */; };
		781631D42BC3FF0F00F9AAC3 /* HomeBalanceEdit.swift in Sources */ = {isa = PBXBuildFile; fileRef = 781631D32BC3FF0F00F9AAC3 /* HomeBalanceEdit.swift */; };
		781631D72BC4132A00F9AAC3 /* HomeTransactions.swift in Sources */ = {isa = PBXBuildFile; fileRef = 781631D62BC4132A00F9AAC3 /* HomeTransactions.swift */; };
		781631DA2BC4141600F9AAC3 /* TransactionAdd.swift in Sources */ = {isa = PBXBuildFile; fileRef = 781631D92BC4141600F9AAC3 /* TransactionAdd.swift */; };
		781631DD2BC4176F00F9AAC3 /* HomeBuyers.swift in Sources */ = {isa = PBXBuildFile; fileRef = 781631DC2BC4176F00F9AAC3 /* HomeBuyers.swift */; };
		781631E02BC4177800F9AAC3 /* BuyersAdd.swift in Sources */ = {isa = PBXBuildFile; fileRef = 781631DF2BC4177800F9AAC3 /* BuyersAdd.swift */; };
		781631E32BC418AA00F9AAC3 /* HomeAddFranchise.swift in Sources */ = {isa = PBXBuildFile; fileRef = 781631E22BC418AA00F9AAC3 /* HomeAddFranchise.swift */; };
		781631E62BC41B2200F9AAC3 /* HomeDetail.swift in Sources */ = {isa = PBXBuildFile; fileRef = 781631E52BC41B2200F9AAC3 /* HomeDetail.swift */; };
		781631E82BC41DF300F9AAC3 /* CalculatorViewModel.swift in Sources */ = {isa = PBXBuildFile; fileRef = 781631E72BC41DF300F9AAC3 /* CalculatorViewModel.swift */; };
		781631EB2BC4229200F9AAC3 /* SettingsChart.swift in Sources */ = {isa = PBXBuildFile; fileRef = 781631EA2BC4229200F9AAC3 /* SettingsChart.swift */; };
		F987A88F2BCD1BA3003DA12E /* GoogleService-Info.plist in Resources */ = {isa = PBXBuildFile; fileRef = F987A88E2BCD1BA3003DA12E /* GoogleService-Info.plist */; };
		F987A8922BCD1BB6003DA12E /* CoreModel.xcdatamodeld in Sources */ = {isa = PBXBuildFile; fileRef = F987A8902BCD1BB6003DA12E /* CoreModel.xcdatamodeld */; };
		F987A8952BCD1BCF003DA12E /* YandexMobileMetrica in Frameworks */ = {isa = PBXBuildFile; productRef = F987A8942BCD1BCF003DA12E /* YandexMobileMetrica */; };
		F987A89A2BCD1BDA003DA12E /* OneSignalFramework in Frameworks */ = {isa = PBXBuildFile; productRef = F987A8992BCD1BDA003DA12E /* OneSignalFramework */; };
		F987A89D2BCD1C12003DA12E /* FirebaseRemoteConfigSwift in Frameworks */ = {isa = PBXBuildFile; productRef = F987A89C2BCD1C12003DA12E /* FirebaseRemoteConfigSwift */; };
		F987A8A02BCD1C2B003DA12E /* ApphudSDK in Frameworks */ = {isa = PBXBuildFile; productRef = F987A89F2BCD1C2B003DA12E /* ApphudSDK */; };
		F987A8A22BCD1DA0003DA12E /* D_1.swift in Sources */ = {isa = PBXBuildFile; fileRef = F987A8A12BCD1DA0003DA12E /* D_1.swift */; };
		F987A8A42BCD1DA5003DA12E /* S_1.swift in Sources */ = {isa = PBXBuildFile; fileRef = F987A8A32BCD1DA5003DA12E /* S_1.swift */; };
		F987A8A62BCD1DA9003DA12E /* W_1.swift in Sources */ = {isa = PBXBuildFile; fileRef = F987A8A52BCD1DA9003DA12E /* W_1.swift */; };
/* End PBXBuildFile section */

/* Begin PBXFileReference section */
		781631952BC3E23E00F9AAC3 /* App462.app */ = {isa = PBXFileReference; explicitFileType = wrapper.application; includeInIndex = 0; path = App462.app; sourceTree = BUILT_PRODUCTS_DIR; };
		781631982BC3E23E00F9AAC3 /* App462App.swift */ = {isa = PBXFileReference; lastKnownFileType = sourcecode.swift; path = App462App.swift; sourceTree = "<group>"; };
		7816319A2BC3E23E00F9AAC3 /* ContentView.swift */ = {isa = PBXFileReference; lastKnownFileType = sourcecode.swift; path = ContentView.swift; sourceTree = "<group>"; };
		7816319C2BC3E23E00F9AAC3 /* Assets.xcassets */ = {isa = PBXFileReference; lastKnownFileType = folder.assetcatalog; path = Assets.xcassets; sourceTree = "<group>"; };
		7816319E2BC3E23E00F9AAC3 /* App462.entitlements */ = {isa = PBXFileReference; lastKnownFileType = text.plist.entitlements; path = App462.entitlements; sourceTree = "<group>"; };
		781631A02BC3E23E00F9AAC3 /* Preview Assets.xcassets */ = {isa = PBXFileReference; lastKnownFileType = folder.assetcatalog; path = "Preview Assets.xcassets"; sourceTree = "<group>"; };
		781631B02BC3E36E00F9AAC3 /* TabBar.swift */ = {isa = PBXFileReference; lastKnownFileType = sourcecode.swift; path = TabBar.swift; sourceTree = "<group>"; };
		781631B22BC3E3E400F9AAC3 /* Launch Screen.storyboard */ = {isa = PBXFileReference; lastKnownFileType = file.storyboard; path = "Launch Screen.storyboard"; sourceTree = "<group>"; };
		781631B42BC3E3ED00F9AAC3 /* LoadingView.swift */ = {isa = PBXFileReference; lastKnownFileType = sourcecode.swift; path = LoadingView.swift; sourceTree = "<group>"; };
		781631B62BC3E3F600F9AAC3 /* CoreDataStack.swift */ = {isa = PBXFileReference; lastKnownFileType = sourcecode.swift; path = CoreDataStack.swift; sourceTree = "<group>"; };
		781631B82BC3E3FD00F9AAC3 /* Array.swift */ = {isa = PBXFileReference; lastKnownFileType = sourcecode.swift; path = Array.swift; sourceTree = "<group>"; };
		781631BD2BC3E42000F9AAC3 /* R1.swift */ = {isa = PBXFileReference; lastKnownFileType = sourcecode.swift; path = R1.swift; sourceTree = "<group>"; };
		781631BF2BC3E42600F9AAC3 /* R2.swift */ = {isa = PBXFileReference; lastKnownFileType = sourcecode.swift; path = R2.swift; sourceTree = "<group>"; };
		781631C12BC3E42C00F9AAC3 /* U1.swift */ = {isa = PBXFileReference; lastKnownFileType = sourcecode.swift; path = U1.swift; sourceTree = "<group>"; };
		781631C32BC3E43200F9AAC3 /* Rev.swift */ = {isa = PBXFileReference; lastKnownFileType = sourcecode.swift; path = Rev.swift; sourceTree = "<group>"; };
		781631C52BC3E43700F9AAC3 /* Not.swift */ = {isa = PBXFileReference; lastKnownFileType = sourcecode.swift; path = Not.swift; sourceTree = "<group>"; };
		781631CA2BC3EF5100F9AAC3 /* HomeView.swift */ = {isa = PBXFileReference; lastKnownFileType = sourcecode.swift; path = HomeView.swift; sourceTree = "<group>"; };
		781631CC2BC3EF5A00F9AAC3 /* CalculatorView.swift */ = {isa = PBXFileReference; lastKnownFileType = sourcecode.swift; path = CalculatorView.swift; sourceTree = "<group>"; };
		781631CE2BC3EF6100F9AAC3 /* SettingsView.swift */ = {isa = PBXFileReference; lastKnownFileType = sourcecode.swift; path = SettingsView.swift; sourceTree = "<group>"; };
		781631D02BC3FCF200F9AAC3 /* HomeViewModel.swift */ = {isa = PBXFileReference; lastKnownFileType = sourcecode.swift; path = HomeViewModel.swift; sourceTree = "<group>"; };
		781631D32BC3FF0F00F9AAC3 /* HomeBalanceEdit.swift */ = {isa = PBXFileReference; lastKnownFileType = sourcecode.swift; path = HomeBalanceEdit.swift; sourceTree = "<group>"; };
		781631D62BC4132A00F9AAC3 /* HomeTransactions.swift */ = {isa = PBXFileReference; lastKnownFileType = sourcecode.swift; path = HomeTransactions.swift; sourceTree = "<group>"; };
		781631D92BC4141600F9AAC3 /* TransactionAdd.swift */ = {isa = PBXFileReference; lastKnownFileType = sourcecode.swift; path = TransactionAdd.swift; sourceTree = "<group>"; };
		781631DC2BC4176F00F9AAC3 /* HomeBuyers.swift */ = {isa = PBXFileReference; lastKnownFileType = sourcecode.swift; path = HomeBuyers.swift; sourceTree = "<group>"; };
		781631DF2BC4177800F9AAC3 /* BuyersAdd.swift */ = {isa = PBXFileReference; lastKnownFileType = sourcecode.swift; path = BuyersAdd.swift; sourceTree = "<group>"; };
		781631E22BC418AA00F9AAC3 /* HomeAddFranchise.swift */ = {isa = PBXFileReference; lastKnownFileType = sourcecode.swift; path = HomeAddFranchise.swift; sourceTree = "<group>"; };
		781631E52BC41B2200F9AAC3 /* HomeDetail.swift */ = {isa = PBXFileReference; lastKnownFileType = sourcecode.swift; path = HomeDetail.swift; sourceTree = "<group>"; };
		781631E72BC41DF300F9AAC3 /* CalculatorViewModel.swift */ = {isa = PBXFileReference; lastKnownFileType = sourcecode.swift; path = CalculatorViewModel.swift; sourceTree = "<group>"; };
		781631EA2BC4229200F9AAC3 /* SettingsChart.swift */ = {isa = PBXFileReference; lastKnownFileType = sourcecode.swift; path = SettingsChart.swift; sourceTree = "<group>"; };
		781631EC2BC424F800F9AAC3 /* Info.plist */ = {isa = PBXFileReference; lastKnownFileType = text.plist; path = Info.plist; sourceTree = "<group>"; };
		F987A88E2BCD1BA3003DA12E /* GoogleService-Info.plist */ = {isa = PBXFileReference; fileEncoding = 4; lastKnownFileType = text.plist.xml; path = "GoogleService-Info.plist"; sourceTree = SOURCE_ROOT; };
		F987A8912BCD1BB6003DA12E /* CoreModel.xcdatamodel */ = {isa = PBXFileReference; lastKnownFileType = wrapper.xcdatamodel; path = CoreModel.xcdatamodel; sourceTree = "<group>"; };
		F987A8A12BCD1DA0003DA12E /* D_1.swift */ = {isa = PBXFileReference; lastKnownFileType = sourcecode.swift; path = D_1.swift; sourceTree = "<group>"; };
		F987A8A32BCD1DA5003DA12E /* S_1.swift */ = {isa = PBXFileReference; lastKnownFileType = sourcecode.swift; path = S_1.swift; sourceTree = "<group>"; };
		F987A8A52BCD1DA9003DA12E /* W_1.swift */ = {isa = PBXFileReference; lastKnownFileType = sourcecode.swift; path = W_1.swift; sourceTree = "<group>"; };
/* End PBXFileReference section */

/* Begin PBXFrameworksBuildPhase section */
		781631922BC3E23E00F9AAC3 /* Frameworks */ = {
			isa = PBXFrameworksBuildPhase;
			buildActionMask = 2147483647;
			files = (
				F987A8952BCD1BCF003DA12E /* YandexMobileMetrica in Frameworks */,
				F987A89D2BCD1C12003DA12E /* FirebaseRemoteConfigSwift in Frameworks */,
				F987A8A02BCD1C2B003DA12E /* ApphudSDK in Frameworks */,
				F987A89A2BCD1BDA003DA12E /* OneSignalFramework in Frameworks */,
			);
			runOnlyForDeploymentPostprocessing = 0;
		};
/* End PBXFrameworksBuildPhase section */

/* Begin PBXGroup section */
		7816318C2BC3E23D00F9AAC3 = {
			isa = PBXGroup;
			children = (
				781631972BC3E23E00F9AAC3 /* App462 */,
				781631962BC3E23E00F9AAC3 /* Products */,
			);
			sourceTree = "<group>";
		};
		781631962BC3E23E00F9AAC3 /* Products */ = {
			isa = PBXGroup;
			children = (
				781631952BC3E23E00F9AAC3 /* App462.app */,
			);
			name = Products;
			sourceTree = "<group>";
		};
		781631972BC3E23E00F9AAC3 /* App462 */ = {
			isa = PBXGroup;
			children = (
				781631EC2BC424F800F9AAC3 /* Info.plist */,
				F987A88E2BCD1BA3003DA12E /* GoogleService-Info.plist */,
				781631A72BC3E24500F9AAC3 /* Project */,
				781631982BC3E23E00F9AAC3 /* App462App.swift */,
				7816319A2BC3E23E00F9AAC3 /* ContentView.swift */,
				7816319C2BC3E23E00F9AAC3 /* Assets.xcassets */,
				7816319E2BC3E23E00F9AAC3 /* App462.entitlements */,
				7816319F2BC3E23E00F9AAC3 /* Preview Content */,
			);
			path = App462;
			sourceTree = "<group>";
		};
		7816319F2BC3E23E00F9AAC3 /* Preview Content */ = {
			isa = PBXGroup;
			children = (
				781631A02BC3E23E00F9AAC3 /* Preview Assets.xcassets */,
			);
			path = "Preview Content";
			sourceTree = "<group>";
		};
		781631A72BC3E24500F9AAC3 /* Project */ = {
			isa = PBXGroup;
			children = (
				781631AB2BC3E26300F9AAC3 /* Views */,
				781631AA2BC3E25D00F9AAC3 /* Extensions */,
				781631A92BC3E25700F9AAC3 /* TabBar */,
				781631A82BC3E25100F9AAC3 /* StartScreens */,
			);
			path = Project;
			sourceTree = "<group>";
		};
		781631A82BC3E25100F9AAC3 /* StartScreens */ = {
			isa = PBXGroup;
			children = (
				781631AF2BC3E36500F9AAC3 /* Rev */,
				781631AE2BC3E36100F9AAC3 /* User */,
				781631AD2BC3E35900F9AAC3 /* LaunchScreen */,
				781631AC2BC3E35000F9AAC3 /* LoadingView */,
			);
			path = StartScreens;
			sourceTree = "<group>";
		};
		781631A92BC3E25700F9AAC3 /* TabBar */ = {
			isa = PBXGroup;
			children = (
				781631B02BC3E36E00F9AAC3 /* TabBar.swift */,
			);
			path = TabBar;
			sourceTree = "<group>";
		};
		781631AA2BC3E25D00F9AAC3 /* Extensions */ = {
			isa = PBXGroup;
			children = (
				781631B62BC3E3F600F9AAC3 /* CoreDataStack.swift */,
				781631B82BC3E3FD00F9AAC3 /* Array.swift */,
				F987A8902BCD1BB6003DA12E /* CoreModel.xcdatamodeld */,
				F987A8A12BCD1DA0003DA12E /* D_1.swift */,
				F987A8A32BCD1DA5003DA12E /* S_1.swift */,
				F987A8A52BCD1DA9003DA12E /* W_1.swift */,
			);
			path = Extensions;
			sourceTree = "<group>";
		};
		781631AB2BC3E26300F9AAC3 /* Views */ = {
			isa = PBXGroup;
			children = (
				781631C92BC3EF4100F9AAC3 /* Settings */,
				781631C82BC3EF3C00F9AAC3 /* Calculator */,
				781631C72BC3EF2F00F9AAC3 /* Home */,
			);
			path = Views;
			sourceTree = "<group>";
		};
		781631AC2BC3E35000F9AAC3 /* LoadingView */ = {
			isa = PBXGroup;
			children = (
				781631B42BC3E3ED00F9AAC3 /* LoadingView.swift */,
			);
			path = LoadingView;
			sourceTree = "<group>";
		};
		781631AD2BC3E35900F9AAC3 /* LaunchScreen */ = {
			isa = PBXGroup;
			children = (
				781631B22BC3E3E400F9AAC3 /* Launch Screen.storyboard */,
			);
			path = LaunchScreen;
			sourceTree = "<group>";
		};
		781631AE2BC3E36100F9AAC3 /* User */ = {
			isa = PBXGroup;
			children = (
				781631C12BC3E42C00F9AAC3 /* U1.swift */,
				781631C32BC3E43200F9AAC3 /* Rev.swift */,
				781631C52BC3E43700F9AAC3 /* Not.swift */,
			);
			path = User;
			sourceTree = "<group>";
		};
		781631AF2BC3E36500F9AAC3 /* Rev */ = {
			isa = PBXGroup;
			children = (
				781631BD2BC3E42000F9AAC3 /* R1.swift */,
				781631BF2BC3E42600F9AAC3 /* R2.swift */,
			);
			path = Rev;
			sourceTree = "<group>";
		};
		781631C72BC3EF2F00F9AAC3 /* Home */ = {
			isa = PBXGroup;
			children = (
				781631E42BC41B1D00F9AAC3 /* HomeDetail */,
				781631E12BC418A100F9AAC3 /* HomeAddFranchise */,
				781631DB2BC4176700F9AAC3 /* HomeBuyers */,
				781631D52BC4132300F9AAC3 /* HomeTransactions */,
				781631D22BC3FF0800F9AAC3 /* HomeBalanceEdit */,
				781631CA2BC3EF5100F9AAC3 /* HomeView.swift */,
				781631D02BC3FCF200F9AAC3 /* HomeViewModel.swift */,
			);
			path = Home;
			sourceTree = "<group>";
		};
		781631C82BC3EF3C00F9AAC3 /* Calculator */ = {
			isa = PBXGroup;
			children = (
				781631CC2BC3EF5A00F9AAC3 /* CalculatorView.swift */,
				781631E72BC41DF300F9AAC3 /* CalculatorViewModel.swift */,
			);
			path = Calculator;
			sourceTree = "<group>";
		};
		781631C92BC3EF4100F9AAC3 /* Settings */ = {
			isa = PBXGroup;
			children = (
				781631E92BC4228D00F9AAC3 /* SettingsChart */,
				781631CE2BC3EF6100F9AAC3 /* SettingsView.swift */,
			);
			path = Settings;
			sourceTree = "<group>";
		};
		781631D22BC3FF0800F9AAC3 /* HomeBalanceEdit */ = {
			isa = PBXGroup;
			children = (
				781631D32BC3FF0F00F9AAC3 /* HomeBalanceEdit.swift */,
			);
			path = HomeBalanceEdit;
			sourceTree = "<group>";
		};
		781631D52BC4132300F9AAC3 /* HomeTransactions */ = {
			isa = PBXGroup;
			children = (
				781631D82BC4141000F9AAC3 /* TransactionAdd */,
				781631D62BC4132A00F9AAC3 /* HomeTransactions.swift */,
			);
			path = HomeTransactions;
			sourceTree = "<group>";
		};
		781631D82BC4141000F9AAC3 /* TransactionAdd */ = {
			isa = PBXGroup;
			children = (
				781631D92BC4141600F9AAC3 /* TransactionAdd.swift */,
			);
			path = TransactionAdd;
			sourceTree = "<group>";
		};
		781631DB2BC4176700F9AAC3 /* HomeBuyers */ = {
			isa = PBXGroup;
			children = (
				781631DE2BC4177200F9AAC3 /* BuyersAdd */,
				781631DC2BC4176F00F9AAC3 /* HomeBuyers.swift */,
			);
			path = HomeBuyers;
			sourceTree = "<group>";
		};
		781631DE2BC4177200F9AAC3 /* BuyersAdd */ = {
			isa = PBXGroup;
			children = (
				781631DF2BC4177800F9AAC3 /* BuyersAdd.swift */,
			);
			path = BuyersAdd;
			sourceTree = "<group>";
		};
		781631E12BC418A100F9AAC3 /* HomeAddFranchise */ = {
			isa = PBXGroup;
			children = (
				781631E22BC418AA00F9AAC3 /* HomeAddFranchise.swift */,
			);
			path = HomeAddFranchise;
			sourceTree = "<group>";
		};
		781631E42BC41B1D00F9AAC3 /* HomeDetail */ = {
			isa = PBXGroup;
			children = (
				781631E52BC41B2200F9AAC3 /* HomeDetail.swift */,
			);
			path = HomeDetail;
			sourceTree = "<group>";
		};
		781631E92BC4228D00F9AAC3 /* SettingsChart */ = {
			isa = PBXGroup;
			children = (
				781631EA2BC4229200F9AAC3 /* SettingsChart.swift */,
			);
			path = SettingsChart;
			sourceTree = "<group>";
		};
/* End PBXGroup section */

/* Begin PBXNativeTarget section */
		781631942BC3E23E00F9AAC3 /* App462 */ = {
			isa = PBXNativeTarget;
			buildConfigurationList = 781631A42BC3E23E00F9AAC3 /* Build configuration list for PBXNativeTarget "App462" */;
			buildPhases = (
				781631912BC3E23E00F9AAC3 /* Sources */,
				781631922BC3E23E00F9AAC3 /* Frameworks */,
				781631932BC3E23E00F9AAC3 /* Resources */,
			);
			buildRules = (
			);
			dependencies = (
			);
			name = App462;
			packageProductDependencies = (
				F987A8942BCD1BCF003DA12E /* YandexMobileMetrica */,
				F987A8992BCD1BDA003DA12E /* OneSignalFramework */,
				F987A89C2BCD1C12003DA12E /* FirebaseRemoteConfigSwift */,
				F987A89F2BCD1C2B003DA12E /* ApphudSDK */,
			);
			productName = App462;
			productReference = 781631952BC3E23E00F9AAC3 /* App462.app */;
			productType = "com.apple.product-type.application";
		};
/* End PBXNativeTarget section */

/* Begin PBXProject section */
		7816318D2BC3E23D00F9AAC3 /* Project object */ = {
			isa = PBXProject;
			attributes = {
				BuildIndependentTargetsInParallel = 1;
				LastSwiftUpdateCheck = 1530;
				LastUpgradeCheck = 1530;
				TargetAttributes = {
					781631942BC3E23E00F9AAC3 = {
						CreatedOnToolsVersion = 15.3;
					};
				};
			};
			buildConfigurationList = 781631902BC3E23D00F9AAC3 /* Build configuration list for PBXProject "App462" */;
			compatibilityVersion = "Xcode 14.0";
			developmentRegion = en;
			hasScannedForEncodings = 0;
			knownRegions = (
				en,
				Base,
			);
			mainGroup = 7816318C2BC3E23D00F9AAC3;
			packageReferences = (
				F987A8932BCD1BCF003DA12E /* XCRemoteSwiftPackageReference "metrica-sdk-ios" */,
				F987A8982BCD1BDA003DA12E /* XCRemoteSwiftPackageReference "OneSignal-iOS-SDK" */,
				F987A89B2BCD1C12003DA12E /* XCRemoteSwiftPackageReference "firebase-ios-sdk" */,
				F987A89E2BCD1C2B003DA12E /* XCRemoteSwiftPackageReference "ApphudSDK" */,
			);
			productRefGroup = 781631962BC3E23E00F9AAC3 /* Products */;
			projectDirPath = "";
			projectRoot = "";
			targets = (
				781631942BC3E23E00F9AAC3 /* App462 */,
			);
		};
/* End PBXProject section */

/* Begin PBXResourcesBuildPhase section */
		781631932BC3E23E00F9AAC3 /* Resources */ = {
			isa = PBXResourcesBuildPhase;
			buildActionMask = 2147483647;
			files = (
				781631B32BC3E3E400F9AAC3 /* Launch Screen.storyboard in Resources */,
				F987A88F2BCD1BA3003DA12E /* GoogleService-Info.plist in Resources */,
				781631A12BC3E23E00F9AAC3 /* Preview Assets.xcassets in Resources */,
				7816319D2BC3E23E00F9AAC3 /* Assets.xcassets in Resources */,
			);
			runOnlyForDeploymentPostprocessing = 0;
		};
/* End PBXResourcesBuildPhase section */

/* Begin PBXSourcesBuildPhase section */
		781631912BC3E23E00F9AAC3 /* Sources */ = {
			isa = PBXSourcesBuildPhase;
			buildActionMask = 2147483647;
			files = (
				781631CF2BC3EF6100F9AAC3 /* SettingsView.swift in Sources */,
				781631DA2BC4141600F9AAC3 /* TransactionAdd.swift in Sources */,
				781631B72BC3E3F600F9AAC3 /* CoreDataStack.swift in Sources */,
				F987A8A62BCD1DA9003DA12E /* W_1.swift in Sources */,
				781631C62BC3E43700F9AAC3 /* Not.swift in Sources */,
				781631D12BC3FCF200F9AAC3 /* HomeViewModel.swift in Sources */,
				781631CB2BC3EF5100F9AAC3 /* HomeView.swift in Sources */,
				F987A8A42BCD1DA5003DA12E /* S_1.swift in Sources */,
				781631DD2BC4176F00F9AAC3 /* HomeBuyers.swift in Sources */,
				781631B12BC3E36E00F9AAC3 /* TabBar.swift in Sources */,
				781631E32BC418AA00F9AAC3 /* HomeAddFranchise.swift in Sources */,
				781631C02BC3E42600F9AAC3 /* R2.swift in Sources */,
				F987A8922BCD1BB6003DA12E /* CoreModel.xcdatamodeld in Sources */,
				781631EB2BC4229200F9AAC3 /* SettingsChart.swift in Sources */,
				781631E82BC41DF300F9AAC3 /* CalculatorViewModel.swift in Sources */,
				781631C22BC3E42C00F9AAC3 /* U1.swift in Sources */,
				781631B52BC3E3ED00F9AAC3 /* LoadingView.swift in Sources */,
				781631D72BC4132A00F9AAC3 /* HomeTransactions.swift in Sources */,
				781631E62BC41B2200F9AAC3 /* HomeDetail.swift in Sources */,
				781631C42BC3E43200F9AAC3 /* Rev.swift in Sources */,
				F987A8A22BCD1DA0003DA12E /* D_1.swift in Sources */,
				781631CD2BC3EF5A00F9AAC3 /* CalculatorView.swift in Sources */,
				781631B92BC3E3FD00F9AAC3 /* Array.swift in Sources */,
				7816319B2BC3E23E00F9AAC3 /* ContentView.swift in Sources */,
				781631E02BC4177800F9AAC3 /* BuyersAdd.swift in Sources */,
				781631D42BC3FF0F00F9AAC3 /* HomeBalanceEdit.swift in Sources */,
				781631BE2BC3E42000F9AAC3 /* R1.swift in Sources */,
				781631992BC3E23E00F9AAC3 /* App462App.swift in Sources */,
			);
			runOnlyForDeploymentPostprocessing = 0;
		};
/* End PBXSourcesBuildPhase section */

/* Begin XCBuildConfiguration section */
		781631A22BC3E23E00F9AAC3 /* Debug */ = {
			isa = XCBuildConfiguration;
			buildSettings = {
				ALWAYS_SEARCH_USER_PATHS = NO;
				ASSETCATALOG_COMPILER_GENERATE_SWIFT_ASSET_SYMBOL_EXTENSIONS = YES;
				CLANG_ANALYZER_NONNULL = YES;
				CLANG_ANALYZER_NUMBER_OBJECT_CONVERSION = YES_AGGRESSIVE;
				CLANG_CXX_LANGUAGE_STANDARD = "gnu++20";
				CLANG_ENABLE_MODULES = YES;
				CLANG_ENABLE_OBJC_ARC = YES;
				CLANG_ENABLE_OBJC_WEAK = YES;
				CLANG_WARN_BLOCK_CAPTURE_AUTORELEASING = YES;
				CLANG_WARN_BOOL_CONVERSION = YES;
				CLANG_WARN_COMMA = YES;
				CLANG_WARN_CONSTANT_CONVERSION = YES;
				CLANG_WARN_DEPRECATED_OBJC_IMPLEMENTATIONS = YES;
				CLANG_WARN_DIRECT_OBJC_ISA_USAGE = YES_ERROR;
				CLANG_WARN_DOCUMENTATION_COMMENTS = YES;
				CLANG_WARN_EMPTY_BODY = YES;
				CLANG_WARN_ENUM_CONVERSION = YES;
				CLANG_WARN_INFINITE_RECURSION = YES;
				CLANG_WARN_INT_CONVERSION = YES;
				CLANG_WARN_NON_LITERAL_NULL_CONVERSION = YES;
				CLANG_WARN_OBJC_IMPLICIT_RETAIN_SELF = YES;
				CLANG_WARN_OBJC_LITERAL_CONVERSION = YES;
				CLANG_WARN_OBJC_ROOT_CLASS = YES_ERROR;
				CLANG_WARN_QUOTED_INCLUDE_IN_FRAMEWORK_HEADER = YES;
				CLANG_WARN_RANGE_LOOP_ANALYSIS = YES;
				CLANG_WARN_STRICT_PROTOTYPES = YES;
				CLANG_WARN_SUSPICIOUS_MOVE = YES;
				CLANG_WARN_UNGUARDED_AVAILABILITY = YES_AGGRESSIVE;
				CLANG_WARN_UNREACHABLE_CODE = YES;
				CLANG_WARN__DUPLICATE_METHOD_MATCH = YES;
				COPY_PHASE_STRIP = NO;
				DEBUG_INFORMATION_FORMAT = dwarf;
				ENABLE_STRICT_OBJC_MSGSEND = YES;
				ENABLE_TESTABILITY = YES;
				ENABLE_USER_SCRIPT_SANDBOXING = YES;
				GCC_C_LANGUAGE_STANDARD = gnu17;
				GCC_DYNAMIC_NO_PIC = NO;
				GCC_NO_COMMON_BLOCKS = YES;
				GCC_OPTIMIZATION_LEVEL = fast;
				GCC_PREPROCESSOR_DEFINITIONS = (
					"DEBUG=1",
					"$(inherited)",
				);
				GCC_WARN_64_TO_32_BIT_CONVERSION = YES;
				GCC_WARN_ABOUT_RETURN_TYPE = YES_ERROR;
				GCC_WARN_UNDECLARED_SELECTOR = YES;
				GCC_WARN_UNINITIALIZED_AUTOS = YES_AGGRESSIVE;
				GCC_WARN_UNUSED_FUNCTION = YES;
				GCC_WARN_UNUSED_VARIABLE = YES;
				LOCALIZATION_PREFERS_STRING_CATALOGS = YES;
				MTL_ENABLE_DEBUG_INFO = INCLUDE_SOURCE;
				MTL_FAST_MATH = YES;
				ONLY_ACTIVE_ARCH = YES;
				SWIFT_ACTIVE_COMPILATION_CONDITIONS = "DEBUG $(inherited)";
				SWIFT_OPTIMIZATION_LEVEL = "-Onone";
			};
			name = Debug;
		};
		781631A32BC3E23E00F9AAC3 /* Release */ = {
			isa = XCBuildConfiguration;
			buildSettings = {
				ALWAYS_SEARCH_USER_PATHS = NO;
				ASSETCATALOG_COMPILER_GENERATE_SWIFT_ASSET_SYMBOL_EXTENSIONS = YES;
				CLANG_ANALYZER_NONNULL = YES;
				CLANG_ANALYZER_NUMBER_OBJECT_CONVERSION = YES_AGGRESSIVE;
				CLANG_CXX_LANGUAGE_STANDARD = "gnu++20";
				CLANG_ENABLE_MODULES = YES;
				CLANG_ENABLE_OBJC_ARC = YES;
				CLANG_ENABLE_OBJC_WEAK = YES;
				CLANG_WARN_BLOCK_CAPTURE_AUTORELEASING = YES;
				CLANG_WARN_BOOL_CONVERSION = YES;
				CLANG_WARN_COMMA = YES;
				CLANG_WARN_CONSTANT_CONVERSION = YES;
				CLANG_WARN_DEPRECATED_OBJC_IMPLEMENTATIONS = YES;
				CLANG_WARN_DIRECT_OBJC_ISA_USAGE = YES_ERROR;
				CLANG_WARN_DOCUMENTATION_COMMENTS = YES;
				CLANG_WARN_EMPTY_BODY = YES;
				CLANG_WARN_ENUM_CONVERSION = YES;
				CLANG_WARN_INFINITE_RECURSION = YES;
				CLANG_WARN_INT_CONVERSION = YES;
				CLANG_WARN_NON_LITERAL_NULL_CONVERSION = YES;
				CLANG_WARN_OBJC_IMPLICIT_RETAIN_SELF = YES;
				CLANG_WARN_OBJC_LITERAL_CONVERSION = YES;
				CLANG_WARN_OBJC_ROOT_CLASS = YES_ERROR;
				CLANG_WARN_QUOTED_INCLUDE_IN_FRAMEWORK_HEADER = YES;
				CLANG_WARN_RANGE_LOOP_ANALYSIS = YES;
				CLANG_WARN_STRICT_PROTOTYPES = YES;
				CLANG_WARN_SUSPICIOUS_MOVE = YES;
				CLANG_WARN_UNGUARDED_AVAILABILITY = YES_AGGRESSIVE;
				CLANG_WARN_UNREACHABLE_CODE = YES;
				CLANG_WARN__DUPLICATE_METHOD_MATCH = YES;
				COPY_PHASE_STRIP = NO;
				DEBUG_INFORMATION_FORMAT = "dwarf-with-dsym";
				ENABLE_NS_ASSERTIONS = NO;
				ENABLE_STRICT_OBJC_MSGSEND = YES;
				ENABLE_USER_SCRIPT_SANDBOXING = YES;
				GCC_C_LANGUAGE_STANDARD = gnu17;
				GCC_NO_COMMON_BLOCKS = YES;
				GCC_OPTIMIZATION_LEVEL = fast;
				GCC_WARN_64_TO_32_BIT_CONVERSION = YES;
				GCC_WARN_ABOUT_RETURN_TYPE = YES_ERROR;
				GCC_WARN_UNDECLARED_SELECTOR = YES;
				GCC_WARN_UNINITIALIZED_AUTOS = YES_AGGRESSIVE;
				GCC_WARN_UNUSED_FUNCTION = YES;
				GCC_WARN_UNUSED_VARIABLE = YES;
				LOCALIZATION_PREFERS_STRING_CATALOGS = YES;
				MTL_ENABLE_DEBUG_INFO = NO;
				MTL_FAST_MATH = YES;
				SWIFT_COMPILATION_MODE = wholemodule;
			};
			name = Release;
		};
		781631A52BC3E23E00F9AAC3 /* Debug */ = {
			isa = XCBuildConfiguration;
			buildSettings = {
				ASSETCATALOG_COMPILER_APPICON_NAME = AppIcon;
				ASSETCATALOG_COMPILER_GLOBAL_ACCENT_COLOR_NAME = AccentColor;
				CODE_SIGN_ENTITLEMENTS = App462/App462.entitlements;
				CODE_SIGN_STYLE = Automatic;
				CURRENT_PROJECT_VERSION = 1;
				DEVELOPMENT_ASSET_PATHS = "\"App462/Preview Content\"";
				ENABLE_PREVIEWS = YES;
				GENERATE_INFOPLIST_FILE = YES;
				INFOPLIST_FILE = App462/Info.plist;
				INFOPLIST_KEY_CFBundleDisplayName = "VortexStream ";
				"INFOPLIST_KEY_UIApplicationSceneManifest_Generation[sdk=iphoneos*]" = YES;
				"INFOPLIST_KEY_UIApplicationSceneManifest_Generation[sdk=iphonesimulator*]" = YES;
				"INFOPLIST_KEY_UIApplicationSupportsIndirectInputEvents[sdk=iphoneos*]" = YES;
				"INFOPLIST_KEY_UIApplicationSupportsIndirectInputEvents[sdk=iphonesimulator*]" = YES;
				"INFOPLIST_KEY_UILaunchScreen_Generation[sdk=iphoneos*]" = YES;
				"INFOPLIST_KEY_UILaunchScreen_Generation[sdk=iphonesimulator*]" = YES;
				INFOPLIST_KEY_UILaunchStoryboardName = "Launch Screen.storyboard";
				"INFOPLIST_KEY_UIStatusBarStyle[sdk=iphoneos*]" = UIStatusBarStyleDefault;
				"INFOPLIST_KEY_UIStatusBarStyle[sdk=iphonesimulator*]" = UIStatusBarStyleDefault;
				INFOPLIST_KEY_UISupportedInterfaceOrientations = UIInterfaceOrientationPortrait;
				INFOPLIST_KEY_UISupportedInterfaceOrientations_iPad = "UIInterfaceOrientationLandscapeLeft UIInterfaceOrientationLandscapeRight UIInterfaceOrientationPortrait UIInterfaceOrientationPortraitUpsideDown";
				IPHONEOS_DEPLOYMENT_TARGET = 14.0;
				LD_RUNPATH_SEARCH_PATHS = "@executable_path/Frameworks";
				"LD_RUNPATH_SEARCH_PATHS[sdk=macosx*]" = "@executable_path/../Frameworks";
				MACOSX_DEPLOYMENT_TARGET = 14.1;
				MARKETING_VERSION = 1.0;
				PRODUCT_BUNDLE_IDENTIFIER = IOI.App462;
				PRODUCT_NAME = "$(TARGET_NAME)";
				SDKROOT = auto;
				SUPPORTED_PLATFORMS = "iphoneos iphonesimulator";
				SUPPORTS_MACCATALYST = NO;
				SWIFT_EMIT_LOC_STRINGS = YES;
				SWIFT_VERSION = 5.0;
				TARGETED_DEVICE_FAMILY = 1;
			};
			name = Debug;
		};
		781631A62BC3E23E00F9AAC3 /* Release */ = {
			isa = XCBuildConfiguration;
			buildSettings = {
				ASSETCATALOG_COMPILER_APPICON_NAME = AppIcon;
				ASSETCATALOG_COMPILER_GLOBAL_ACCENT_COLOR_NAME = AccentColor;
				CODE_SIGN_ENTITLEMENTS = App462/App462.entitlements;
				CODE_SIGN_STYLE = Automatic;
				CURRENT_PROJECT_VERSION = 1;
				DEVELOPMENT_ASSET_PATHS = "\"App462/Preview Content\"";
				ENABLE_PREVIEWS = YES;
				GENERATE_INFOPLIST_FILE = YES;
				INFOPLIST_FILE = App462/Info.plist;
				INFOPLIST_KEY_CFBundleDisplayName = "VortexStream ";
				"INFOPLIST_KEY_UIApplicationSceneManifest_Generation[sdk=iphoneos*]" = YES;
				"INFOPLIST_KEY_UIApplicationSceneManifest_Generation[sdk=iphonesimulator*]" = YES;
				"INFOPLIST_KEY_UIApplicationSupportsIndirectInputEvents[sdk=iphoneos*]" = YES;
				"INFOPLIST_KEY_UIApplicationSupportsIndirectInputEvents[sdk=iphonesimulator*]" = YES;
				"INFOPLIST_KEY_UILaunchScreen_Generation[sdk=iphoneos*]" = YES;
				"INFOPLIST_KEY_UILaunchScreen_Generation[sdk=iphonesimulator*]" = YES;
				INFOPLIST_KEY_UILaunchStoryboardName = "Launch Screen.storyboard";
				"INFOPLIST_KEY_UIStatusBarStyle[sdk=iphoneos*]" = UIStatusBarStyleDefault;
				"INFOPLIST_KEY_UIStatusBarStyle[sdk=iphonesimulator*]" = UIStatusBarStyleDefault;
				INFOPLIST_KEY_UISupportedInterfaceOrientations = UIInterfaceOrientationPortrait;
				INFOPLIST_KEY_UISupportedInterfaceOrientations_iPad = "UIInterfaceOrientationLandscapeLeft UIInterfaceOrientationLandscapeRight UIInterfaceOrientationPortrait UIInterfaceOrientationPortraitUpsideDown";
				IPHONEOS_DEPLOYMENT_TARGET = 14.0;
				LD_RUNPATH_SEARCH_PATHS = "@executable_path/Frameworks";
				"LD_RUNPATH_SEARCH_PATHS[sdk=macosx*]" = "@executable_path/../Frameworks";
				MACOSX_DEPLOYMENT_TARGET = 14.1;
				MARKETING_VERSION = 1.0;
				PRODUCT_BUNDLE_IDENTIFIER = IOI.App462;
				PRODUCT_NAME = "$(TARGET_NAME)";
				SDKROOT = auto;
				SUPPORTED_PLATFORMS = "iphoneos iphonesimulator";
				SUPPORTS_MACCATALYST = NO;
				SWIFT_EMIT_LOC_STRINGS = YES;
				SWIFT_VERSION = 5.0;
				TARGETED_DEVICE_FAMILY = 1;
			};
			name = Release;
		};
/* End XCBuildConfiguration section */

/* Begin XCConfigurationList section */
		781631902BC3E23D00F9AAC3 /* Build configuration list for PBXProject "App462" */ = {
			isa = XCConfigurationList;
			buildConfigurations = (
				781631A22BC3E23E00F9AAC3 /* Debug */,
				781631A32BC3E23E00F9AAC3 /* Release */,
			);
			defaultConfigurationIsVisible = 0;
			defaultConfigurationName = Release;
		};
		781631A42BC3E23E00F9AAC3 /* Build configuration list for PBXNativeTarget "App462" */ = {
			isa = XCConfigurationList;
			buildConfigurations = (
				781631A52BC3E23E00F9AAC3 /* Debug */,
				781631A62BC3E23E00F9AAC3 /* Release */,
			);
			defaultConfigurationIsVisible = 0;
			defaultConfigurationName = Release;
		};
/* End XCConfigurationList section */

/* Begin XCRemoteSwiftPackageReference section */
		F987A8932BCD1BCF003DA12E /* XCRemoteSwiftPackageReference "metrica-sdk-ios" */ = {
			isa = XCRemoteSwiftPackageReference;
			repositoryURL = "https://github.com/yandexmobile/metrica-sdk-ios";
			requirement = {
				kind = upToNextMajorVersion;
				minimumVersion = 4.5.2;
			};
		};
		F987A8982BCD1BDA003DA12E /* XCRemoteSwiftPackageReference "OneSignal-iOS-SDK" */ = {
			isa = XCRemoteSwiftPackageReference;
			repositoryURL = "https://github.com/OneSignal/OneSignal-iOS-SDK.git";
			requirement = {
				kind = upToNextMajorVersion;
				minimumVersion = 5.1.4;
			};
		};
		F987A89B2BCD1C12003DA12E /* XCRemoteSwiftPackageReference "firebase-ios-sdk" */ = {
			isa = XCRemoteSwiftPackageReference;
			repositoryURL = "https://github.com/firebase/firebase-ios-sdk.git";
			requirement = {
				kind = upToNextMajorVersion;
				minimumVersion = 10.24.0;
			};
		};
		F987A89E2BCD1C2B003DA12E /* XCRemoteSwiftPackageReference "ApphudSDK" */ = {
			isa = XCRemoteSwiftPackageReference;
			repositoryURL = "https://github.com/apphud/ApphudSDK";
			requirement = {
				kind = exactVersion;
				version = 3.2.8;
			};
		};
/* End XCRemoteSwiftPackageReference section */

/* Begin XCSwiftPackageProductDependency section */
		F987A8942BCD1BCF003DA12E /* YandexMobileMetrica */ = {
			isa = XCSwiftPackageProductDependency;
			package = F987A8932BCD1BCF003DA12E /* XCRemoteSwiftPackageReference "metrica-sdk-ios" */;
			productName = YandexMobileMetrica;
		};
		F987A8992BCD1BDA003DA12E /* OneSignalFramework */ = {
			isa = XCSwiftPackageProductDependency;
			package = F987A8982BCD1BDA003DA12E /* XCRemoteSwiftPackageReference "OneSignal-iOS-SDK" */;
			productName = OneSignalFramework;
		};
		F987A89C2BCD1C12003DA12E /* FirebaseRemoteConfigSwift */ = {
			isa = XCSwiftPackageProductDependency;
			package = F987A89B2BCD1C12003DA12E /* XCRemoteSwiftPackageReference "firebase-ios-sdk" */;
			productName = FirebaseRemoteConfigSwift;
		};
		F987A89F2BCD1C2B003DA12E /* ApphudSDK */ = {
			isa = XCSwiftPackageProductDependency;
			package = F987A89E2BCD1C2B003DA12E /* XCRemoteSwiftPackageReference "ApphudSDK" */;
			productName = ApphudSDK;
		};
/* End XCSwiftPackageProductDependency section */

/* Begin XCVersionGroup section */
		F987A8902BCD1BB6003DA12E /* CoreModel.xcdatamodeld */ = {
			isa = XCVersionGroup;
			children = (
				F987A8912BCD1BB6003DA12E /* CoreModel.xcdatamodel */,
			);
			currentVersion = F987A8912BCD1BB6003DA12E /* CoreModel.xcdatamodel */;
			name = CoreModel.xcdatamodeld;
			path = /Users/slava/Desktop/App462/App462/Project/Extensions/CoreModel.xcdatamodeld;
			sourceTree = "<group>";
			versionGroupType = wrapper.xcdatamodel;
		};
/* End XCVersionGroup section */
	};
	rootObject = 7816318D2BC3E23D00F9AAC3 /* Project object */;
}
